
Microsoft Visual Studio Solution File, Format Version 12.00
# Visual Studio Version 17
VisualStudioVersion = 17.10.34707.107
MinimumVisualStudioVersion = 10.0.40219.1
Project("{FAE04EC0-301F-11D3-BF4B-00C04F79EFBC}") = "TaxCalculator", "TaxCalculator.csproj", "{64B8A935-B8BC-434D-963C-3CF45B5BA15B}"
EndProject
Global
	GlobalSection(SolutionConfigurationPlatforms) = preSolution
		Debug|Any CPU = Debug|Any CPU
		Release|Any CPU = Release|Any CPU
	EndGlobalSection
	GlobalSection(ProjectConfigurationPlatforms) = postSolution
		{64B8A935-B8BC-434D-963C-3CF45B5BA15B}.Debug|Any CPU.ActiveCfg = Debug|Any CPU
		{64B8A935-B8BC-434D-963C-3CF45B5BA15B}.Debug|Any CPU.Build.0 = Debug|Any CPU
		{64B8A935-B8BC-434D-963C-3CF45B5BA15B}.Release|Any CPU.ActiveCfg = Release|Any CPU
		{64B8A935-B8BC-434D-963C-3CF45B5BA15B}.Release|Any CPU.Build.0 = Release|Any CPU
	EndGlobalSection
	GlobalSection(SolutionProperties) = preSolution
		HideSolutionNode = FALSE
	EndGlobalSection
	GlobalSection(ExtensibilityGlobals) = postSolution
		SolutionGuid = {9E4EB0B9-2BC4-48E5-9908-5C0307260F22}
	EndGlobalSection
EndGlobal
