
Microsoft Visual Studio Solution File, Format Version 12.00
# Visual Studio Version 17
VisualStudioVersion = 17.5.002.0
MinimumVisualStudioVersion = 10.0.40219.1
Project("{9A19103F-16F7-4668-BE54-9A1E7A4F7556}") = "Day7", "Day7.csproj", "{5E083C2D-C3FA-4369-8817-7FD3CFE662DF}"
EndProject
Global
	GlobalSection(SolutionConfigurationPlatforms) = preSolution
		Debug|Any CPU = Debug|Any CPU
		Release|Any CPU = Release|Any CPU
	EndGlobalSection
	GlobalSection(ProjectConfigurationPlatforms) = postSolution
		{5E083C2D-C3FA-4369-8817-7FD3CFE662DF}.Debug|Any CPU.ActiveCfg = Debug|Any CPU
		{5E083C2D-C3FA-4369-8817-7FD3CFE662DF}.Debug|Any CPU.Build.0 = Debug|Any CPU
		{5E083C2D-C3FA-4369-8817-7FD3CFE662DF}.Release|Any CPU.ActiveCfg = Release|Any CPU
		{5E083C2D-C3FA-4369-8817-7FD3CFE662DF}.Release|Any CPU.Build.0 = Release|Any CPU
	EndGlobalSection
	GlobalSection(SolutionProperties) = preSolution
		HideSolutionNode = FALSE
	EndGlobalSection
	GlobalSection(ExtensibilityGlobals) = postSolution
		SolutionGuid = {F0D33B19-F2BC-4F5F-8E41-FD5E972C21BA}
	EndGlobalSection
EndGlobal
