
Microsoft Visual Studio Solution File, Format Version 12.00
# Visual Studio Version 17
VisualStudioVersion = 17.5.002.0
MinimumVisualStudioVersion = 10.0.40219.1
Project("{9A19103F-16F7-4668-BE54-9A1E7A4F7556}") = "AJAXTest", "AJAXTest.csproj", "{E03899F1-48BD-41F9-AAA2-36F5BAEE8235}"
EndProject
Global
	GlobalSection(SolutionConfigurationPlatforms) = preSolution
		Debug|Any CPU = Debug|Any CPU
		Release|Any CPU = Release|Any CPU
	EndGlobalSection
	GlobalSection(ProjectConfigurationPlatforms) = postSolution
		{E03899F1-48BD-41F9-AAA2-36F5BAEE8235}.Debug|Any CPU.ActiveCfg = Debug|Any CPU
		{E03899F1-48BD-41F9-AAA2-36F5BAEE8235}.Debug|Any CPU.Build.0 = Debug|Any CPU
		{E03899F1-48BD-41F9-AAA2-36F5BAEE8235}.Release|Any CPU.ActiveCfg = Release|Any CPU
		{E03899F1-48BD-41F9-AAA2-36F5BAEE8235}.Release|Any CPU.Build.0 = Release|Any CPU
	EndGlobalSection
	GlobalSection(SolutionProperties) = preSolution
		HideSolutionNode = FALSE
	EndGlobalSection
	GlobalSection(ExtensibilityGlobals) = postSolution
		SolutionGuid = {96449552-45AA-49D1-B54B-2D84B794F635}
	EndGlobalSection
EndGlobal
