
Microsoft Visual Studio Solution File, Format Version 12.00
# Visual Studio Version 17
VisualStudioVersion = 17.10.34707.107
MinimumVisualStudioVersion = 10.0.40219.1
Project("{9A19103F-16F7-4668-BE54-9A1E7A4F7556}") = "CloudHRMS", "CloudHRMS.csproj", "{7AE5B630-7EEA-4B22-B40D-54A275D5FC10}"
EndProject
Global
	GlobalSection(SolutionConfigurationPlatforms) = preSolution
		Debug|Any CPU = Debug|Any CPU
		Release|Any CPU = Release|Any CPU
	EndGlobalSection
	GlobalSection(ProjectConfigurationPlatforms) = postSolution
		{7AE5B630-7EEA-4B22-B40D-54A275D5FC10}.Debug|Any CPU.ActiveCfg = Debug|Any CPU
		{7AE5B630-7EEA-4B22-B40D-54A275D5FC10}.Debug|Any CPU.Build.0 = Debug|Any CPU
		{7AE5B630-7EEA-4B22-B40D-54A275D5FC10}.Release|Any CPU.ActiveCfg = Release|Any CPU
		{7AE5B630-7EEA-4B22-B40D-54A275D5FC10}.Release|Any CPU.Build.0 = Release|Any CPU
	EndGlobalSection
	GlobalSection(SolutionProperties) = preSolution
		HideSolutionNode = FALSE
	EndGlobalSection
	GlobalSection(ExtensibilityGlobals) = postSolution
		SolutionGuid = {ED13C7A9-E10F-4EAE-862B-640DAA9071DF}
	EndGlobalSection
EndGlobal
